
Microsoft Visual Studio Solution File, Format Version 12.00
# Visual Studio 15
VisualStudioVersion = 15.0.27703.2000
MinimumVisualStudioVersion = 10.0.40219.1
Project("{FAE04EC0-301F-11D3-BF4B-00C04F79EFBC}") = "DocFlow", "DocFlow\DocFlow.csproj", "{1B9500BE-EBE8-4EC2-B4AB-EB1666951305}"
EndProject
Project("{FAE04EC0-301F-11D3-BF4B-00C04F79EFBC}") = "DocFlow.ClassLibrary", "DocFlow.ClassLibrary\DocFlow.ClassLibrary.csproj", "{B31C0E6F-32D3-4EA2-A0F2-E80E12B77D0E}"
EndProject
Global
	GlobalSection(SolutionConfigurationPlatforms) = preSolution
		Debug|Any CPU = Debug|Any CPU
		Release|Any CPU = Release|Any CPU
	EndGlobalSection
	GlobalSection(ProjectConfigurationPlatforms) = postSolution
		{1B9500BE-EBE8-4EC2-B4AB-EB1666951305}.Debug|Any CPU.ActiveCfg = Debug|Any CPU
		{1B9500BE-EBE8-4EC2-B4AB-EB1666951305}.Debug|Any CPU.Build.0 = Debug|Any CPU
		{1B9500BE-EBE8-4EC2-B4AB-EB1666951305}.Release|Any CPU.ActiveCfg = Release|Any CPU
		{1B9500BE-EBE8-4EC2-B4AB-EB1666951305}.Release|Any CPU.Build.0 = Release|Any CPU
		{B31C0E6F-32D3-4EA2-A0F2-E80E12B77D0E}.Debug|Any CPU.ActiveCfg = Debug|Any CPU
		{B31C0E6F-32D3-4EA2-A0F2-E80E12B77D0E}.Debug|Any CPU.Build.0 = Debug|Any CPU
		{B31C0E6F-32D3-4EA2-A0F2-E80E12B77D0E}.Release|Any CPU.ActiveCfg = Release|Any CPU
		{B31C0E6F-32D3-4EA2-A0F2-E80E12B77D0E}.Release|Any CPU.Build.0 = Release|Any CPU
	EndGlobalSection
	GlobalSection(SolutionProperties) = preSolution
		HideSolutionNode = FALSE
	EndGlobalSection
	GlobalSection(ExtensibilityGlobals) = postSolution
		SolutionGuid = {CBF1FB93-8C54-48E4-95DA-D1C02CEEFD74}
	EndGlobalSection
EndGlobal
